
Microsoft Visual Studio Solution File, Format Version 12.00
# Visual Studio 15
VisualStudioVersion = 15.0.26730.16
MinimumVisualStudioVersion = 10.0.40219.1
Project("{FAE04EC0-301F-11D3-BF4B-00C04F79EFBC}") = "AM_1.Android", "AM_1\AM_1.Android\AM_1.Android.csproj", "{C5573AD4-578E-42B0-A16A-1BD3E7960C54}"
EndProject
Project("{FAE04EC0-301F-11D3-BF4B-00C04F79EFBC}") = "AM_1", "AM_1\AM_1\AM_1.csproj", "{14B109A0-1076-45C0-A337-50A54BE2EC24}"
EndProject
Project("{FAE04EC0-301F-11D3-BF4B-00C04F79EFBC}") = "AM_1.UWP", "AM_1\AM_1.UWP\AM_1.UWP.csproj", "{7EE321B7-0892-46FF-8728-34AA71B48223}"
EndProject
Global
	GlobalSection(SolutionConfigurationPlatforms) = preSolution
		Ad-Hoc|Any CPU = Ad-Hoc|Any CPU
		Ad-Hoc|ARM = Ad-Hoc|ARM
		Ad-Hoc|iPhone = Ad-Hoc|iPhone
		Ad-Hoc|iPhoneSimulator = Ad-Hoc|iPhoneSimulator
		Ad-Hoc|x64 = Ad-Hoc|x64
		Ad-Hoc|x86 = Ad-Hoc|x86
		AppStore|Any CPU = AppStore|Any CPU
		AppStore|ARM = AppStore|ARM
		AppStore|iPhone = AppStore|iPhone
		AppStore|iPhoneSimulator = AppStore|iPhoneSimulator
		AppStore|x64 = AppStore|x64
		AppStore|x86 = AppStore|x86
		Debug|Any CPU = Debug|Any CPU
		Debug|ARM = Debug|ARM
		Debug|iPhone = Debug|iPhone
		Debug|iPhoneSimulator = Debug|iPhoneSimulator
		Debug|x64 = Debug|x64
		Debug|x86 = Debug|x86
		Release|Any CPU = Release|Any CPU
		Release|ARM = Release|ARM
		Release|iPhone = Release|iPhone
		Release|iPhoneSimulator = Release|iPhoneSimulator
		Release|x64 = Release|x64
		Release|x86 = Release|x86
	EndGlobalSection
	GlobalSection(ProjectConfigurationPlatforms) = postSolution
		{C5573AD4-578E-42B0-A16A-1BD3E7960C54}.Ad-Hoc|Any CPU.ActiveCfg = Release|Any CPU
		{C5573AD4-578E-42B0-A16A-1BD3E7960C54}.Ad-Hoc|Any CPU.Build.0 = Release|Any CPU
		{C5573AD4-578E-42B0-A16A-1BD3E7960C54}.Ad-Hoc|Any CPU.Deploy.0 = Release|Any CPU
		{C5573AD4-578E-42B0-A16A-1BD3E7960C54}.Ad-Hoc|ARM.ActiveCfg = Release|Any CPU
		{C5573AD4-578E-42B0-A16A-1BD3E7960C54}.Ad-Hoc|ARM.Build.0 = Release|Any CPU
		{C5573AD4-578E-42B0-A16A-1BD3E7960C54}.Ad-Hoc|ARM.Deploy.0 = Release|Any CPU
		{C5573AD4-578E-42B0-A16A-1BD3E7960C54}.Ad-Hoc|iPhone.ActiveCfg = Release|Any CPU
		{C5573AD4-578E-42B0-A16A-1BD3E7960C54}.Ad-Hoc|iPhone.Build.0 = Release|Any CPU
		{C5573AD4-578E-42B0-A16A-1BD3E7960C54}.Ad-Hoc|iPhone.Deploy.0 = Release|Any CPU
		{C5573AD4-578E-42B0-A16A-1BD3E7960C54}.Ad-Hoc|iPhoneSimulator.ActiveCfg = Release|Any CPU
		{C5573AD4-578E-42B0-A16A-1BD3E7960C54}.Ad-Hoc|iPhoneSimulator.Build.0 = Release|Any CPU
		{C5573AD4-578E-42B0-A16A-1BD3E7960C54}.Ad-Hoc|iPhoneSimulator.Deploy.0 = Release|Any CPU
		{C5573AD4-578E-42B0-A16A-1BD3E7960C54}.Ad-Hoc|x64.ActiveCfg = Release|Any CPU
		{C5573AD4-578E-42B0-A16A-1BD3E7960C54}.Ad-Hoc|x64.Build.0 = Release|Any CPU
		{C5573AD4-578E-42B0-A16A-1BD3E7960C54}.Ad-Hoc|x64.Deploy.0 = Release|Any CPU
		{C5573AD4-578E-42B0-A16A-1BD3E7960C54}.Ad-Hoc|x86.ActiveCfg = Release|Any CPU
		{C5573AD4-578E-42B0-A16A-1BD3E7960C54}.Ad-Hoc|x86.Build.0 = Release|Any CPU
		{C5573AD4-578E-42B0-A16A-1BD3E7960C54}.Ad-Hoc|x86.Deploy.0 = Release|Any CPU
		{C5573AD4-578E-42B0-A16A-1BD3E7960C54}.AppStore|Any CPU.ActiveCfg = Release|Any CPU
		{C5573AD4-578E-42B0-A16A-1BD3E7960C54}.AppStore|Any CPU.Build.0 = Release|Any CPU
		{C5573AD4-578E-42B0-A16A-1BD3E7960C54}.AppStore|Any CPU.Deploy.0 = Release|Any CPU
		{C5573AD4-578E-42B0-A16A-1BD3E7960C54}.AppStore|ARM.ActiveCfg = Release|Any CPU
		{C5573AD4-578E-42B0-A16A-1BD3E7960C54}.AppStore|ARM.Build.0 = Release|Any CPU
		{C5573AD4-578E-42B0-A16A-1BD3E7960C54}.AppStore|ARM.Deploy.0 = Release|Any CPU
		{C5573AD4-578E-42B0-A16A-1BD3E7960C54}.AppStore|iPhone.ActiveCfg = Release|Any CPU
		{C5573AD4-578E-42B0-A16A-1BD3E7960C54}.AppStore|iPhone.Build.0 = Release|Any CPU
		{C5573AD4-578E-42B0-A16A-1BD3E7960C54}.AppStore|iPhone.Deploy.0 = Release|Any CPU
		{C5573AD4-578E-42B0-A16A-1BD3E7960C54}.AppStore|iPhoneSimulator.ActiveCfg = Release|Any CPU
		{C5573AD4-578E-42B0-A16A-1BD3E7960C54}.AppStore|iPhoneSimulator.Build.0 = Release|Any CPU
		{C5573AD4-578E-42B0-A16A-1BD3E7960C54}.AppStore|iPhoneSimulator.Deploy.0 = Release|Any CPU
		{C5573AD4-578E-42B0-A16A-1BD3E7960C54}.AppStore|x64.ActiveCfg = Release|Any CPU
		{C5573AD4-578E-42B0-A16A-1BD3E7960C54}.AppStore|x64.Build.0 = Release|Any CPU
		{C5573AD4-578E-42B0-A16A-1BD3E7960C54}.AppStore|x64.Deploy.0 = Release|Any CPU
		{C5573AD4-578E-42B0-A16A-1BD3E7960C54}.AppStore|x86.ActiveCfg = Release|Any CPU
		{C5573AD4-578E-42B0-A16A-1BD3E7960C54}.AppStore|x86.Build.0 = Release|Any CPU
		{C5573AD4-578E-42B0-A16A-1BD3E7960C54}.AppStore|x86.Deploy.0 = Release|Any CPU
		{C5573AD4-578E-42B0-A16A-1BD3E7960C54}.Debug|Any CPU.ActiveCfg = Debug|Any CPU
		{C5573AD4-578E-42B0-A16A-1BD3E7960C54}.Debug|Any CPU.Build.0 = Debug|Any CPU
		{C5573AD4-578E-42B0-A16A-1BD3E7960C54}.Debug|Any CPU.Deploy.0 = Debug|Any CPU
		{C5573AD4-578E-42B0-A16A-1BD3E7960C54}.Debug|ARM.ActiveCfg = Debug|Any CPU
		{C5573AD4-578E-42B0-A16A-1BD3E7960C54}.Debug|ARM.Build.0 = Debug|Any CPU
		{C5573AD4-578E-42B0-A16A-1BD3E7960C54}.Debug|ARM.Deploy.0 = Debug|Any CPU
		{C5573AD4-578E-42B0-A16A-1BD3E7960C54}.Debug|iPhone.ActiveCfg = Debug|Any CPU
		{C5573AD4-578E-42B0-A16A-1BD3E7960C54}.Debug|iPhone.Build.0 = Debug|Any CPU
		{C5573AD4-578E-42B0-A16A-1BD3E7960C54}.Debug|iPhone.Deploy.0 = Debug|Any CPU
		{C5573AD4-578E-42B0-A16A-1BD3E7960C54}.Debug|iPhoneSimulator.ActiveCfg = Debug|Any CPU
		{C5573AD4-578E-42B0-A16A-1BD3E7960C54}.Debug|iPhoneSimulator.Build.0 = Debug|Any CPU
		{C5573AD4-578E-42B0-A16A-1BD3E7960C54}.Debug|iPhoneSimulator.Deploy.0 = Debug|Any CPU
		{C5573AD4-578E-42B0-A16A-1BD3E7960C54}.Debug|x64.ActiveCfg = Debug|Any CPU
		{C5573AD4-578E-42B0-A16A-1BD3E7960C54}.Debug|x64.Build.0 = Debug|Any CPU
		{C5573AD4-578E-42B0-A16A-1BD3E7960C54}.Debug|x64.Deploy.0 = Debug|Any CPU
		{C5573AD4-578E-42B0-A16A-1BD3E7960C54}.Debug|x86.ActiveCfg = Debug|Any CPU
		{C5573AD4-578E-42B0-A16A-1BD3E7960C54}.Debug|x86.Build.0 = Debug|Any CPU
		{C5573AD4-578E-42B0-A16A-1BD3E7960C54}.Debug|x86.Deploy.0 = Debug|Any CPU
		{C5573AD4-578E-42B0-A16A-1BD3E7960C54}.Release|Any CPU.ActiveCfg = Release|Any CPU
		{C5573AD4-578E-42B0-A16A-1BD3E7960C54}.Release|Any CPU.Build.0 = Release|Any CPU
		{C5573AD4-578E-42B0-A16A-1BD3E7960C54}.Release|Any CPU.Deploy.0 = Release|Any CPU
		{C5573AD4-578E-42B0-A16A-1BD3E7960C54}.Release|ARM.ActiveCfg = Release|Any CPU
		{C5573AD4-578E-42B0-A16A-1BD3E7960C54}.Release|ARM.Build.0 = Release|Any CPU
		{C5573AD4-578E-42B0-A16A-1BD3E7960C54}.Release|ARM.Deploy.0 = Release|Any CPU
		{C5573AD4-578E-42B0-A16A-1BD3E7960C54}.Release|iPhone.ActiveCfg = Release|Any CPU
		{C5573AD4-578E-42B0-A16A-1BD3E7960C54}.Release|iPhone.Build.0 = Release|Any CPU
		{C5573AD4-578E-42B0-A16A-1BD3E7960C54}.Release|iPhone.Deploy.0 = Release|Any CPU
		{C5573AD4-578E-42B0-A16A-1BD3E7960C54}.Release|iPhoneSimulator.ActiveCfg = Release|Any CPU
		{C5573AD4-578E-42B0-A16A-1BD3E7960C54}.Release|iPhoneSimulator.Build.0 = Release|Any CPU
		{C5573AD4-578E-42B0-A16A-1BD3E7960C54}.Release|iPhoneSimulator.Deploy.0 = Release|Any CPU
		{C5573AD4-578E-42B0-A16A-1BD3E7960C54}.Release|x64.ActiveCfg = Release|Any CPU
		{C5573AD4-578E-42B0-A16A-1BD3E7960C54}.Release|x64.Build.0 = Release|Any CPU
		{C5573AD4-578E-42B0-A16A-1BD3E7960C54}.Release|x64.Deploy.0 = Release|Any CPU
		{C5573AD4-578E-42B0-A16A-1BD3E7960C54}.Release|x86.ActiveCfg = Release|Any CPU
		{C5573AD4-578E-42B0-A16A-1BD3E7960C54}.Release|x86.Build.0 = Release|Any CPU
		{C5573AD4-578E-42B0-A16A-1BD3E7960C54}.Release|x86.Deploy.0 = Release|Any CPU
		{14B109A0-1076-45C0-A337-50A54BE2EC24}.Ad-Hoc|Any CPU.ActiveCfg = Release|Any CPU
		{14B109A0-1076-45C0-A337-50A54BE2EC24}.Ad-Hoc|Any CPU.Build.0 = Release|Any CPU
		{14B109A0-1076-45C0-A337-50A54BE2EC24}.Ad-Hoc|ARM.ActiveCfg = Release|Any CPU
		{14B109A0-1076-45C0-A337-50A54BE2EC24}.Ad-Hoc|ARM.Build.0 = Release|Any CPU
		{14B109A0-1076-45C0-A337-50A54BE2EC24}.Ad-Hoc|iPhone.ActiveCfg = Release|Any CPU
		{14B109A0-1076-45C0-A337-50A54BE2EC24}.Ad-Hoc|iPhone.Build.0 = Release|Any CPU
		{14B109A0-1076-45C0-A337-50A54BE2EC24}.Ad-Hoc|iPhoneSimulator.ActiveCfg = Release|Any CPU
		{14B109A0-1076-45C0-A337-50A54BE2EC24}.Ad-Hoc|iPhoneSimulator.Build.0 = Release|Any CPU
		{14B109A0-1076-45C0-A337-50A54BE2EC24}.Ad-Hoc|x64.ActiveCfg = Release|Any CPU
		{14B109A0-1076-45C0-A337-50A54BE2EC24}.Ad-Hoc|x64.Build.0 = Release|Any CPU
		{14B109A0-1076-45C0-A337-50A54BE2EC24}.Ad-Hoc|x86.ActiveCfg = Release|Any CPU
		{14B109A0-1076-45C0-A337-50A54BE2EC24}.Ad-Hoc|x86.Build.0 = Release|Any CPU
		{14B109A0-1076-45C0-A337-50A54BE2EC24}.AppStore|Any CPU.ActiveCfg = Release|Any CPU
		{14B109A0-1076-45C0-A337-50A54BE2EC24}.AppStore|Any CPU.Build.0 = Release|Any CPU
		{14B109A0-1076-45C0-A337-50A54BE2EC24}.AppStore|ARM.ActiveCfg = Release|Any CPU
		{14B109A0-1076-45C0-A337-50A54BE2EC24}.AppStore|ARM.Build.0 = Release|Any CPU
		{14B109A0-1076-45C0-A337-50A54BE2EC24}.AppStore|iPhone.ActiveCfg = Release|Any CPU
		{14B109A0-1076-45C0-A337-50A54BE2EC24}.AppStore|iPhone.Build.0 = Release|Any CPU
		{14B109A0-1076-45C0-A337-50A54BE2EC24}.AppStore|iPhoneSimulator.ActiveCfg = Release|Any CPU
		{14B109A0-1076-45C0-A337-50A54BE2EC24}.AppStore|iPhoneSimulator.Build.0 = Release|Any CPU
		{14B109A0-1076-45C0-A337-50A54BE2EC24}.AppStore|x64.ActiveCfg = Release|Any CPU
		{14B109A0-1076-45C0-A337-50A54BE2EC24}.AppStore|x64.Build.0 = Release|Any CPU
		{14B109A0-1076-45C0-A337-50A54BE2EC24}.AppStore|x86.ActiveCfg = Release|Any CPU
		{14B109A0-1076-45C0-A337-50A54BE2EC24}.AppStore|x86.Build.0 = Release|Any CPU
		{14B109A0-1076-45C0-A337-50A54BE2EC24}.Debug|Any CPU.ActiveCfg = Debug|Any CPU
		{14B109A0-1076-45C0-A337-50A54BE2EC24}.Debug|Any CPU.Build.0 = Debug|Any CPU
		{14B109A0-1076-45C0-A337-50A54BE2EC24}.Debug|ARM.ActiveCfg = Debug|Any CPU
		{14B109A0-1076-45C0-A337-50A54BE2EC24}.Debug|ARM.Build.0 = Debug|Any CPU
		{14B109A0-1076-45C0-A337-50A54BE2EC24}.Debug|iPhone.ActiveCfg = Debug|Any CPU
		{14B109A0-1076-45C0-A337-50A54BE2EC24}.Debug|iPhone.Build.0 = Debug|Any CPU
		{14B109A0-1076-45C0-A337-50A54BE2EC24}.Debug|iPhoneSimulator.ActiveCfg = Debug|Any CPU
		{14B109A0-1076-45C0-A337-50A54BE2EC24}.Debug|iPhoneSimulator.Build.0 = Debug|Any CPU
		{14B109A0-1076-45C0-A337-50A54BE2EC24}.Debug|x64.ActiveCfg = Debug|Any CPU
		{14B109A0-1076-45C0-A337-50A54BE2EC24}.Debug|x64.Build.0 = Debug|Any CPU
		{14B109A0-1076-45C0-A337-50A54BE2EC24}.Debug|x86.ActiveCfg = Debug|Any CPU
		{14B109A0-1076-45C0-A337-50A54BE2EC24}.Debug|x86.Build.0 = Debug|Any CPU
		{14B109A0-1076-45C0-A337-50A54BE2EC24}.Release|Any CPU.ActiveCfg = Release|Any CPU
		{14B109A0-1076-45C0-A337-50A54BE2EC24}.Release|Any CPU.Build.0 = Release|Any CPU
		{14B109A0-1076-45C0-A337-50A54BE2EC24}.Release|ARM.ActiveCfg = Release|Any CPU
		{14B109A0-1076-45C0-A337-50A54BE2EC24}.Release|ARM.Build.0 = Release|Any CPU
		{14B109A0-1076-45C0-A337-50A54BE2EC24}.Release|iPhone.ActiveCfg = Release|Any CPU
		{14B109A0-1076-45C0-A337-50A54BE2EC24}.Release|iPhone.Build.0 = Release|Any CPU
		{14B109A0-1076-45C0-A337-50A54BE2EC24}.Release|iPhoneSimulator.ActiveCfg = Release|Any CPU
		{14B109A0-1076-45C0-A337-50A54BE2EC24}.Release|iPhoneSimulator.Build.0 = Release|Any CPU
		{14B109A0-1076-45C0-A337-50A54BE2EC24}.Release|x64.ActiveCfg = Release|Any CPU
		{14B109A0-1076-45C0-A337-50A54BE2EC24}.Release|x64.Build.0 = Release|Any CPU
		{14B109A0-1076-45C0-A337-50A54BE2EC24}.Release|x86.ActiveCfg = Release|Any CPU
		{14B109A0-1076-45C0-A337-50A54BE2EC24}.Release|x86.Build.0 = Release|Any CPU
		{7EE321B7-0892-46FF-8728-34AA71B48223}.Ad-Hoc|Any CPU.ActiveCfg = Release|x86
		{7EE321B7-0892-46FF-8728-34AA71B48223}.Ad-Hoc|Any CPU.Build.0 = Release|x86
		{7EE321B7-0892-46FF-8728-34AA71B48223}.Ad-Hoc|Any CPU.Deploy.0 = Release|x86
		{7EE321B7-0892-46FF-8728-34AA71B48223}.Ad-Hoc|ARM.ActiveCfg = Release|ARM
		{7EE321B7-0892-46FF-8728-34AA71B48223}.Ad-Hoc|ARM.Build.0 = Release|ARM
		{7EE321B7-0892-46FF-8728-34AA71B48223}.Ad-Hoc|ARM.Deploy.0 = Release|ARM
		{7EE321B7-0892-46FF-8728-34AA71B48223}.Ad-Hoc|iPhone.ActiveCfg = Release|x86
		{7EE321B7-0892-46FF-8728-34AA71B48223}.Ad-Hoc|iPhone.Build.0 = Release|x86
		{7EE321B7-0892-46FF-8728-34AA71B48223}.Ad-Hoc|iPhone.Deploy.0 = Release|x86
		{7EE321B7-0892-46FF-8728-34AA71B48223}.Ad-Hoc|iPhoneSimulator.ActiveCfg = Release|x86
		{7EE321B7-0892-46FF-8728-34AA71B48223}.Ad-Hoc|iPhoneSimulator.Build.0 = Release|x86
		{7EE321B7-0892-46FF-8728-34AA71B48223}.Ad-Hoc|iPhoneSimulator.Deploy.0 = Release|x86
		{7EE321B7-0892-46FF-8728-34AA71B48223}.Ad-Hoc|x64.ActiveCfg = Release|x64
		{7EE321B7-0892-46FF-8728-34AA71B48223}.Ad-Hoc|x64.Build.0 = Release|x64
		{7EE321B7-0892-46FF-8728-34AA71B48223}.Ad-Hoc|x64.Deploy.0 = Release|x64
		{7EE321B7-0892-46FF-8728-34AA71B48223}.Ad-Hoc|x86.ActiveCfg = Release|x86
		{7EE321B7-0892-46FF-8728-34AA71B48223}.Ad-Hoc|x86.Build.0 = Release|x86
		{7EE321B7-0892-46FF-8728-34AA71B48223}.Ad-Hoc|x86.Deploy.0 = Release|x86
		{7EE321B7-0892-46FF-8728-34AA71B48223}.AppStore|Any CPU.ActiveCfg = Release|x86
		{7EE321B7-0892-46FF-8728-34AA71B48223}.AppStore|Any CPU.Build.0 = Release|x86
		{7EE321B7-0892-46FF-8728-34AA71B48223}.AppStore|Any CPU.Deploy.0 = Release|x86
		{7EE321B7-0892-46FF-8728-34AA71B48223}.AppStore|ARM.ActiveCfg = Release|ARM
		{7EE321B7-0892-46FF-8728-34AA71B48223}.AppStore|ARM.Build.0 = Release|ARM
		{7EE321B7-0892-46FF-8728-34AA71B48223}.AppStore|ARM.Deploy.0 = Release|ARM
		{7EE321B7-0892-46FF-8728-34AA71B48223}.AppStore|iPhone.ActiveCfg = Release|x86
		{7EE321B7-0892-46FF-8728-34AA71B48223}.AppStore|iPhone.Build.0 = Release|x86
		{7EE321B7-0892-46FF-8728-34AA71B48223}.AppStore|iPhone.Deploy.0 = Release|x86
		{7EE321B7-0892-46FF-8728-34AA71B48223}.AppStore|iPhoneSimulator.ActiveCfg = Release|x86
		{7EE321B7-0892-46FF-8728-34AA71B48223}.AppStore|iPhoneSimulator.Build.0 = Release|x86
		{7EE321B7-0892-46FF-8728-34AA71B48223}.AppStore|iPhoneSimulator.Deploy.0 = Release|x86
		{7EE321B7-0892-46FF-8728-34AA71B48223}.AppStore|x64.ActiveCfg = Release|x64
		{7EE321B7-0892-46FF-8728-34AA71B48223}.AppStore|x64.Build.0 = Release|x64
		{7EE321B7-0892-46FF-8728-34AA71B48223}.AppStore|x64.Deploy.0 = Release|x64
		{7EE321B7-0892-46FF-8728-34AA71B48223}.AppStore|x86.ActiveCfg = Release|x86
		{7EE321B7-0892-46FF-8728-34AA71B48223}.AppStore|x86.Build.0 = Release|x86
		{7EE321B7-0892-46FF-8728-34AA71B48223}.AppStore|x86.Deploy.0 = Release|x86
		{7EE321B7-0892-46FF-8728-34AA71B48223}.Debug|Any CPU.ActiveCfg = Debug|x86
		{7EE321B7-0892-46FF-8728-34AA71B48223}.Debug|ARM.ActiveCfg = Debug|ARM
		{7EE321B7-0892-46FF-8728-34AA71B48223}.Debug|ARM.Build.0 = Debug|ARM
		{7EE321B7-0892-46FF-8728-34AA71B48223}.Debug|ARM.Deploy.0 = Debug|ARM
		{7EE321B7-0892-46FF-8728-34AA71B48223}.Debug|iPhone.ActiveCfg = Debug|x86
		{7EE321B7-0892-46FF-8728-34AA71B48223}.Debug|iPhoneSimulator.ActiveCfg = Debug|x86
		{7EE321B7-0892-46FF-8728-34AA71B48223}.Debug|x64.ActiveCfg = Debug|x64
		{7EE321B7-0892-46FF-8728-34AA71B48223}.Debug|x64.Build.0 = Debug|x64
		{7EE321B7-0892-46FF-8728-34AA71B48223}.Debug|x64.Deploy.0 = Debug|x64
		{7EE321B7-0892-46FF-8728-34AA71B48223}.Debug|x86.ActiveCfg = Debug|x86
		{7EE321B7-0892-46FF-8728-34AA71B48223}.Debug|x86.Build.0 = Debug|x86
		{7EE321B7-0892-46FF-8728-34AA71B48223}.Debug|x86.Deploy.0 = Debug|x86
		{7EE321B7-0892-46FF-8728-34AA71B48223}.Release|Any CPU.ActiveCfg = Release|x86
		{7EE321B7-0892-46FF-8728-34AA71B48223}.Release|ARM.ActiveCfg = Release|ARM
		{7EE321B7-0892-46FF-8728-34AA71B48223}.Release|ARM.Build.0 = Release|ARM
		{7EE321B7-0892-46FF-8728-34AA71B48223}.Release|ARM.Deploy.0 = Release|ARM
		{7EE321B7-0892-46FF-8728-34AA71B48223}.Release|iPhone.ActiveCfg = Release|x86
		{7EE321B7-0892-46FF-8728-34AA71B48223}.Release|iPhoneSimulator.ActiveCfg = Release|x86
		{7EE321B7-0892-46FF-8728-34AA71B48223}.Release|x64.ActiveCfg = Release|x64
		{7EE321B7-0892-46FF-8728-34AA71B48223}.Release|x64.Build.0 = Release|x64
		{7EE321B7-0892-46FF-8728-34AA71B48223}.Release|x64.Deploy.0 = Release|x64
		{7EE321B7-0892-46FF-8728-34AA71B48223}.Release|x86.ActiveCfg = Release|x86
		{7EE321B7-0892-46FF-8728-34AA71B48223}.Release|x86.Build.0 = Release|x86
		{7EE321B7-0892-46FF-8728-34AA71B48223}.Release|x86.Deploy.0 = Release|x86
	EndGlobalSection
	GlobalSection(SolutionProperties) = preSolution
		HideSolutionNode = FALSE
	EndGlobalSection
	GlobalSection(ExtensibilityGlobals) = postSolution
		SolutionGuid = {F2FC9719-3DC1-4A66-86F7-E44B8649126A}
	EndGlobalSection
EndGlobal
